version = 1
revision = 3
requires-python = ">=3.12"

[[package]]
name = "anyio"
version = "4.13.0"
source = { registry = "https://pypi.tuna.tsinghua.edu.cn/simple" }
dependencies = [
    { name = "idna" },
    { name = "typing-extensions", marker = "python_full_version < '3.13'" },
]
sdist = { url = "https://pypi.tuna.tsinghua.edu.cn/packages/19/14/2c5dd9f512b66549ae92767a9c7b330ae88e1932ca57876909410251fe13/anyio-4.13.0.tar.gz", hash = "sha256:334b70e641fd2221c1505b3890c69882fe4a2df910cba14d97019b90b24439dc", size = 231622, upload-time = "2026-03-24T12:59:09.671Z" }
wheels = [
    { url = "https://pypi.tuna.tsinghua.edu.cn/packages/da/42/e921fccf5015463e32a3cf6ee7f980a6ed0f395ceeaa45060b61d86486c2/anyio-4.13.0-py3-none-any.whl", hash = "sha256:08b310f9e24a9594186fd75b4f73f4a4152069e3853f1ed8bfbf58369f4ad708", size = 114353, upload-time = "2026-03-24T12:59:08.246Z" },
]

[[package]]
name = "certifi"
version = "2026.5.20"
source = { registry = "https://pypi.tuna.tsinghua.edu.cn/simple" }
sdist = { url = "https://pypi.tuna.tsinghua.edu.cn/packages/f3/ce/ee2ecad540810a79593028e88299baeae54d346cc7a0d94b6199988b89b1/certifi-2026.5.20.tar.gz", hash = "sha256:69dea482ab64caa7b9f6aba1c6bf48bb6a5448d1c0f1b17ab42ad8c763a5344d", size = 135422, upload-time = "2026-05-20T11:46:50.073Z" }
wheels = [
    { url = "https://pypi.tuna.tsinghua.edu.cn/packages/59/8c/57e832b7af6d7c5abe66eb3fbe3a3a32f4d11ea23a1aa7131371035be991/certifi-2026.5.20-py3-none-any.whl", hash = "sha256:3c52e209ba0a4ad7aebe60436a4ab349c39e1e602e8c134221e546902ad25897", size = 134134, upload-time = "2026-05-20T11:46:48.578Z" },
]

[[package]]
name = "dirtyjson"
version = "1.0.8"
source = { registry = "https://pypi.tuna.tsinghua.edu.cn/simple" }
sdist = { url = "https://pypi.tuna.tsinghua.edu.cn/packages/db/04/d24f6e645ad82ba0ef092fa17d9ef7a21953781663648a01c9371d9e8e98/dirtyjson-1.0.8.tar.gz", hash = "sha256:90ca4a18f3ff30ce849d100dcf4a003953c79d3a2348ef056f1d9c22231a25fd", size = 30782, upload-time = "2022-11-28T23:32:33.319Z" }
wheels = [
    { url = "https://pypi.tuna.tsinghua.edu.cn/packages/68/69/1bcf70f81de1b4a9f21b3a62ec0c83bdff991c88d6cc2267d02408457e88/dirtyjson-1.0.8-py3-none-any.whl", hash = "sha256:125e27248435a58acace26d5c2c4c11a1c0de0a9c5124c5a94ba78e517d74f53", size = 25197, upload-time = "2022-11-28T23:32:31.219Z" },
]

[[package]]
name = "h11"
version = "0.16.0"
source = { registry = "https://pypi.tuna.tsinghua.edu.cn/simple" }
sdist = { url = "https://pypi.tuna.tsinghua.edu.cn/packages/01/ee/02a2c011bdab74c6fb3c75474d40b3052059d95df7e73351460c8588d963/h11-0.16.0.tar.gz", hash = "sha256:4e35b956cf45792e4caa5885e69fba00bdbc6ffafbfa020300e549b208ee5ff1", size = 101250, upload-time = "2025-04-24T03:35:25.427Z" }
wheels = [
    { url = "https://pypi.tuna.tsinghua.edu.cn/packages/04/4b/29cac41a4d98d144bf5f6d33995617b185d14b22401f75ca86f384e87ff1/h11-0.16.0-py3-none-any.whl", hash = "sha256:63cf8bbe7522de3bf65932fda1d9c2772064ffb3dae62d55932da54b31cb6c86", size = 37515, upload-time = "2025-04-24T03:35:24.344Z" },
]

[[package]]
name = "httpcore"
version = "1.0.9"
source = { registry = "https://pypi.tuna.tsinghua.edu.cn/simple" }
dependencies = [
    { name = "certifi" },
    { name = "h11" },
]
sdist = { url = "https://pypi.tuna.tsinghua.edu.cn/packages/06/94/82699a10bca87a5556c9c59b5963f2d039dbd239f25bc2a63907a05a14cb/httpcore-1.0.9.tar.gz", hash = "sha256:6e34463af53fd2ab5d807f399a9b45ea31c3dfa2276f15a2c3f00afff6e176e8", size = 85484, upload-time = "2025-04-24T22:06:22.219Z" }
wheels = [
    { url = "https://pypi.tuna.tsinghua.edu.cn/packages/7e/f5/f66802a942d491edb555dd61e3a9961140fd64c90bce1eafd741609d334d/httpcore-1.0.9-py3-none-any.whl", hash = "sha256:2d400746a40668fc9dec9810239072b40b4484b640a8c38fd654a024c7a1bf55", size = 78784, upload-time = "2025-04-24T22:06:20.566Z" },
]

[[package]]
name = "httpx"
version = "0.28.1"
source = { registry = "https://pypi.tuna.tsinghua.edu.cn/simple" }
dependencies = [
    { name = "anyio" },
    { name = "certifi" },
    { name = "httpcore" },
    { name = "idna" },
]
sdist = { url = "https://pypi.tuna.tsinghua.edu.cn/packages/b1/df/48c586a5fe32a0f01324ee087459e112ebb7224f646c0b5023f5e79e9956/httpx-0.28.1.tar.gz", hash = "sha256:75e98c5f16b0f35b567856f597f06ff2270a374470a5c2392242528e3e3e42fc", size = 141406, upload-time = "2024-12-06T15:37:23.222Z" }
wheels = [
    { url = "https://pypi.tuna.tsinghua.edu.cn/packages/2a/39/e50c7c3a983047577ee07d2a9e53faf5a69493943ec3f6a384bdc792deb2/httpx-0.28.1-py3-none-any.whl", hash = "sha256:d909fcccc110f8c7faf814ca82a9a4d816bc5a6dbfea25d6591d6985b8ba59ad", size = 73517, upload-time = "2024-12-06T15:37:21.509Z" },
]

[[package]]
name = "idna"
version = "3.16"
source = { registry = "https://pypi.tuna.tsinghua.edu.cn/simple" }
sdist = { url = "https://pypi.tuna.tsinghua.edu.cn/packages/1a/88/bcf9709822fe69d02c2a6a77956c98ce6ea8ca8767a9aadcedc7eb6a2390/idna-3.16.tar.gz", hash = "sha256:d7a6da03db833450fca25d2358ac9ff06cd624577a4aea3a596d5c0f77b8e03d", size = 203770, upload-time = "2026-05-22T00:16:18.781Z" }
wheels = [
    { url = "https://pypi.tuna.tsinghua.edu.cn/packages/94/16/70255075a9859a0e3adb789b68ceb0e210dec03934245fd98d248226572f/idna-3.16-py3-none-any.whl", hash = "sha256:cc246e3a3f89580c3a951b5ad298ca4638078b2cdd4f115654332b5c26daded5", size = 74165, upload-time = "2026-05-22T00:16:16.698Z" },
]

[[package]]
name = "pyyaml"
version = "6.0.3"
source = { registry = "https://pypi.tuna.tsinghua.edu.cn/simple" }
sdist = { url = "https://pypi.tuna.tsinghua.edu.cn/packages/05/8e/961c0007c59b8dd7729d542c61a4d537767a59645b82a0b521206e1e25c2/pyyaml-6.0.3.tar.gz", hash = "sha256:d76623373421df22fb4cf8817020cbb7ef15c725b9d5e45f17e189bfc384190f", size = 130960, upload-time = "2025-09-25T21:33:16.546Z" }
wheels = [
    { url = "https://pypi.tuna.tsinghua.edu.cn/packages/d1/33/422b98d2195232ca1826284a76852ad5a86fe23e31b009c9886b2d0fb8b2/pyyaml-6.0.3-cp312-cp312-macosx_10_13_x86_64.whl", hash = "sha256:7f047e29dcae44602496db43be01ad42fc6f1cc0d8cd6c83d342306c32270196", size = 182063, upload-time = "2025-09-25T21:32:11.445Z" },
    { url = "https://pypi.tuna.tsinghua.edu.cn/packages/89/a0/6cf41a19a1f2f3feab0e9c0b74134aa2ce6849093d5517a0c550fe37a648/pyyaml-6.0.3-cp312-cp312-macosx_11_0_arm64.whl", hash = "sha256:fc09d0aa354569bc501d4e787133afc08552722d3ab34836a80547331bb5d4a0", size = 173973, upload-time = "2025-09-25T21:32:12.492Z" },
    { url = "https://pypi.tuna.tsinghua.edu.cn/packages/ed/23/7a778b6bd0b9a8039df8b1b1d80e2e2ad78aa04171592c8a5c43a56a6af4/pyyaml-6.0.3-cp312-cp312-manylinux2014_aarch64.manylinux_2_17_aarch64.manylinux_2_28_aarch64.whl", hash = "sha256:9149cad251584d5fb4981be1ecde53a1ca46c891a79788c0df828d2f166bda28", size = 775116, upload-time = "2025-09-25T21:32:13.652Z" },
    { url = "https://pypi.tuna.tsinghua.edu.cn/packages/65/30/d7353c338e12baef4ecc1b09e877c1970bd3382789c159b4f89d6a70dc09/pyyaml-6.0.3-cp312-cp312-manylinux2014_s390x.manylinux_2_17_s390x.manylinux_2_28_s390x.whl", hash = "sha256:5fdec68f91a0c6739b380c83b951e2c72ac0197ace422360e6d5a959d8d97b2c", size = 844011, upload-time = "2025-09-25T21:32:15.21Z" },
    { url = "https://pypi.tuna.tsinghua.edu.cn/packages/8b/9d/b3589d3877982d4f2329302ef98a8026e7f4443c765c46cfecc8858c6b4b/pyyaml-6.0.3-cp312-cp312-manylinux2014_x86_64.manylinux_2_17_x86_64.manylinux_2_28_x86_64.whl", hash = "sha256:ba1cc08a7ccde2d2ec775841541641e4548226580ab850948cbfda66a1befcdc", size = 807870, upload-time = "2025-09-25T21:32:16.431Z" },
    { url = "https://pypi.tuna.tsinghua.edu.cn/packages/05/c0/b3be26a015601b822b97d9149ff8cb5ead58c66f981e04fedf4e762f4bd4/pyyaml-6.0.3-cp312-cp312-musllinux_1_2_aarch64.whl", hash = "sha256:8dc52c23056b9ddd46818a57b78404882310fb473d63f17b07d5c40421e47f8e", size = 761089, upload-time = "2025-09-25T21:32:17.56Z" },
    { url = "https://pypi.tuna.tsinghua.edu.cn/packages/be/8e/98435a21d1d4b46590d5459a22d88128103f8da4c2d4cb8f14f2a96504e1/pyyaml-6.0.3-cp312-cp312-musllinux_1_2_x86_64.whl", hash = "sha256:41715c910c881bc081f1e8872880d3c650acf13dfa8214bad49ed4cede7c34ea", size = 790181, upload-time = "2025-09-25T21:32:18.834Z" },
    { url = "https://pypi.tuna.tsinghua.edu.cn/packages/74/93/7baea19427dcfbe1e5a372d81473250b379f04b1bd3c4c5ff825e2327202/pyyaml-6.0.3-cp312-cp312-win32.whl", hash = "sha256:96b533f0e99f6579b3d4d4995707cf36df9100d67e0c8303a0c55b27b5f99bc5", size = 137658, upload-time = "2025-09-25T21:32:20.209Z" },
    { url = "https://pypi.tuna.tsinghua.edu.cn/packages/86/bf/899e81e4cce32febab4fb42bb97dcdf66bc135272882d1987881a4b519e9/pyyaml-6.0.3-cp312-cp312-win_amd64.whl", hash = "sha256:5fcd34e47f6e0b794d17de1b4ff496c00986e1c83f7ab2fb8fcfe9616ff7477b", size = 154003, upload-time = "2025-09-25T21:32:21.167Z" },
    { url = "https://pypi.tuna.tsinghua.edu.cn/packages/1a/08/67bd04656199bbb51dbed1439b7f27601dfb576fb864099c7ef0c3e55531/pyyaml-6.0.3-cp312-cp312-win_arm64.whl", hash = "sha256:64386e5e707d03a7e172c0701abfb7e10f0fb753ee1d773128192742712a98fd", size = 140344, upload-time = "2025-09-25T21:32:22.617Z" },
    { url = "https://pypi.tuna.tsinghua.edu.cn/packages/d1/11/0fd08f8192109f7169db964b5707a2f1e8b745d4e239b784a5a1dd80d1db/pyyaml-6.0.3-cp313-cp313-macosx_10_13_x86_64.whl", hash = "sha256:8da9669d359f02c0b91ccc01cac4a67f16afec0dac22c2ad09f46bee0697eba8", size = 181669, upload-time = "2025-09-25T21:32:23.673Z" },
    { url = "https://pypi.tuna.tsinghua.edu.cn/packages/b1/16/95309993f1d3748cd644e02e38b75d50cbc0d9561d21f390a76242ce073f/pyyaml-6.0.3-cp313-cp313-macosx_11_0_arm64.whl", hash = "sha256:2283a07e2c21a2aa78d9c4442724ec1eb15f5e42a723b99cb3d822d48f5f7ad1", size = 173252, upload-time = "2025-09-25T21:32:25.149Z" },
    { url = "https://pypi.tuna.tsinghua.edu.cn/packages/50/31/b20f376d3f810b9b2371e72ef5adb33879b25edb7a6d072cb7ca0c486398/pyyaml-6.0.3-cp313-cp313-manylinux2014_aarch64.manylinux_2_17_aarch64.manylinux_2_28_aarch64.whl", hash = "sha256:ee2922902c45ae8ccada2c5b501ab86c36525b883eff4255313a253a3160861c", size = 767081, upload-time = "2025-09-25T21:32:26.575Z" },
    { url = "https://pypi.tuna.tsinghua.edu.cn/packages/49/1e/a55ca81e949270d5d4432fbbd19dfea5321eda7c41a849d443dc92fd1ff7/pyyaml-6.0.3-cp313-cp313-manylinux2014_s390x.manylinux_2_17_s390x.manylinux_2_28_s390x.whl", hash = "sha256:a33284e20b78bd4a18c8c2282d549d10bc8408a2a7ff57653c0cf0b9be0afce5", size = 841159, upload-time = "2025-09-25T21:32:27.727Z" },
    { url = "https://pypi.tuna.tsinghua.edu.cn/packages/74/27/e5b8f34d02d9995b80abcef563ea1f8b56d20134d8f4e5e81733b1feceb2/pyyaml-6.0.3-cp313-cp313-manylinux2014_x86_64.manylinux_2_17_x86_64.manylinux_2_28_x86_64.whl", hash = "sha256:0f29edc409a6392443abf94b9cf89ce99889a1dd5376d94316ae5145dfedd5d6", size = 801626, upload-time = "2025-09-25T21:32:28.878Z" },
    { url = "https://pypi.tuna.tsinghua.edu.cn/packages/f9/11/ba845c23988798f40e52ba45f34849aa8a1f2d4af4b798588010792ebad6/pyyaml-6.0.3-cp313-cp313-musllinux_1_2_aarch64.whl", hash = "sha256:f7057c9a337546edc7973c0d3ba84ddcdf0daa14533c2065749c9075001090e6", size = 753613, upload-time = "2025-09-25T21:32:30.178Z" },
    { url = "https://pypi.tuna.tsinghua.edu.cn/packages/3d/e0/7966e1a7bfc0a45bf0a7fb6b98ea03fc9b8d84fa7f2229e9659680b69ee3/pyyaml-6.0.3-cp313-cp313-musllinux_1_2_x86_64.whl", hash = "sha256:eda16858a3cab07b80edaf74336ece1f986ba330fdb8ee0d6c0d68fe82bc96be", size = 794115, upload-time = "2025-09-25T21:32:31.353Z" },
    { url = "https://pypi.tuna.tsinghua.edu.cn/packages/de/94/980b50a6531b3019e45ddeada0626d45fa85cbe22300844a7983285bed3b/pyyaml-6.0.3-cp313-cp313-win32.whl", hash = "sha256:d0eae10f8159e8fdad514efdc92d74fd8d682c933a6dd088030f3834bc8e6b26", size = 137427, upload-time = "2025-09-25T21:32:32.58Z" },
    { url = "https://pypi.tuna.tsinghua.edu.cn/packages/97/c9/39d5b874e8b28845e4ec2202b5da735d0199dbe5b8fb85f91398814a9a46/pyyaml-6.0.3-cp313-cp313-win_amd64.whl", hash = "sha256:79005a0d97d5ddabfeeea4cf676af11e647e41d81c9a7722a193022accdb6b7c", size = 154090, upload-time = "2025-09-25T21:32:33.659Z" },
    { url = "https://pypi.tuna.tsinghua.edu.cn/packages/73/e8/2bdf3ca2090f68bb3d75b44da7bbc71843b19c9f2b9cb9b0f4ab7a5a4329/pyyaml-6.0.3-cp313-cp313-win_arm64.whl", hash = "sha256:5498cd1645aa724a7c71c8f378eb29ebe23da2fc0d7a08071d89469bf1d2defb", size = 140246, upload-time = "2025-09-25T21:32:34.663Z" },
    { url = "https://pypi.tuna.tsinghua.edu.cn/packages/9d/8c/f4bd7f6465179953d3ac9bc44ac1a8a3e6122cf8ada906b4f96c60172d43/pyyaml-6.0.3-cp314-cp314-macosx_10_13_x86_64.whl", hash = "sha256:8d1fab6bb153a416f9aeb4b8763bc0f22a5586065f86f7664fc23339fc1c1fac", size = 181814, upload-time = "2025-09-25T21:32:35.712Z" },
    { url = "https://pypi.tuna.tsinghua.edu.cn/packages/bd/9c/4d95bb87eb2063d20db7b60faa3840c1b18025517ae857371c4dd55a6b3a/pyyaml-6.0.3-cp314-cp314-macosx_11_0_arm64.whl", hash = "sha256:34d5fcd24b8445fadc33f9cf348c1047101756fd760b4dacb5c3e99755703310", size = 173809, upload-time = "2025-09-25T21:32:36.789Z" },
    { url = "https://pypi.tuna.tsinghua.edu.cn/packages/92/b5/47e807c2623074914e29dabd16cbbdd4bf5e9b2db9f8090fa64411fc5382/pyyaml-6.0.3-cp314-cp314-manylinux2014_aarch64.manylinux_2_17_aarch64.manylinux_2_28_aarch64.whl", hash = "sha256:501a031947e3a9025ed4405a168e6ef5ae3126c59f90ce0cd6f2bfc477be31b7", size = 766454, upload-time = "2025-09-25T21:32:37.966Z" },
    { url = "https://pypi.tuna.tsinghua.edu.cn/packages/02/9e/e5e9b168be58564121efb3de6859c452fccde0ab093d8438905899a3a483/pyyaml-6.0.3-cp314-cp314-manylinux2014_s390x.manylinux_2_17_s390x.manylinux_2_28_s390x.whl", hash = "sha256:b3bc83488de33889877a0f2543ade9f70c67d66d9ebb4ac959502e12de895788", size = 836355, upload-time = "2025-09-25T21:32:39.178Z" },
    { url = "https://pypi.tuna.tsinghua.edu.cn/packages/88/f9/16491d7ed2a919954993e48aa941b200f38040928474c9e85ea9e64222c3/pyyaml-6.0.3-cp314-cp314-manylinux2014_x86_64.manylinux_2_17_x86_64.manylinux_2_28_x86_64.whl", hash = "sha256:c458b6d084f9b935061bc36216e8a69a7e293a2f1e68bf956dcd9e6cbcd143f5", size = 794175, upload-time = "2025-09-25T21:32:40.865Z" },
    { url = "https://pypi.tuna.tsinghua.edu.cn/packages/dd/3f/5989debef34dc6397317802b527dbbafb2b4760878a53d4166579111411e/pyyaml-6.0.3-cp314-cp314-musllinux_1_2_aarch64.whl", hash = "sha256:7c6610def4f163542a622a73fb39f534f8c101d690126992300bf3207eab9764", size = 755228, upload-time = "2025-09-25T21:32:42.084Z" },
    { url = "https://pypi.tuna.tsinghua.edu.cn/packages/d7/ce/af88a49043cd2e265be63d083fc75b27b6ed062f5f9fd6cdc223ad62f03e/pyyaml-6.0.3-cp314-cp314-musllinux_1_2_x86_64.whl", hash = "sha256:5190d403f121660ce8d1d2c1bb2ef1bd05b5f68533fc5c2ea899bd15f4399b35", size = 789194, upload-time = "2025-09-25T21:32:43.362Z" },
    { url = "https://pypi.tuna.tsinghua.edu.cn/packages/23/20/bb6982b26a40bb43951265ba29d4c246ef0ff59c9fdcdf0ed04e0687de4d/pyyaml-6.0.3-cp314-cp314-win_amd64.whl", hash = "sha256:4a2e8cebe2ff6ab7d1050ecd59c25d4c8bd7e6f400f5f82b96557ac0abafd0ac", size = 156429, upload-time = "2025-09-25T21:32:57.844Z" },
    { url = "https://pypi.tuna.tsinghua.edu.cn/packages/f4/f4/a4541072bb9422c8a883ab55255f918fa378ecf083f5b85e87fc2b4eda1b/pyyaml-6.0.3-cp314-cp314-win_arm64.whl", hash = "sha256:93dda82c9c22deb0a405ea4dc5f2d0cda384168e466364dec6255b293923b2f3", size = 143912, upload-time = "2025-09-25T21:32:59.247Z" },
    { url = "https://pypi.tuna.tsinghua.edu.cn/packages/7c/f9/07dd09ae774e4616edf6cda684ee78f97777bdd15847253637a6f052a62f/pyyaml-6.0.3-cp314-cp314t-macosx_10_13_x86_64.whl", hash = "sha256:02893d100e99e03eda1c8fd5c441d8c60103fd175728e23e431db1b589cf5ab3", size = 189108, upload-time = "2025-09-25T21:32:44.377Z" },
    { url = "https://pypi.tuna.tsinghua.edu.cn/packages/4e/78/8d08c9fb7ce09ad8c38ad533c1191cf27f7ae1effe5bb9400a46d9437fcf/pyyaml-6.0.3-cp314-cp314t-macosx_11_0_arm64.whl", hash = "sha256:c1ff362665ae507275af2853520967820d9124984e0f7466736aea23d8611fba", size = 183641, upload-time = "2025-09-25T21:32:45.407Z" },
    { url = "https://pypi.tuna.tsinghua.edu.cn/packages/7b/5b/3babb19104a46945cf816d047db2788bcaf8c94527a805610b0289a01c6b/pyyaml-6.0.3-cp314-cp314t-manylinux2014_aarch64.manylinux_2_17_aarch64.manylinux_2_28_aarch64.whl", hash = "sha256:6adc77889b628398debc7b65c073bcb99c4a0237b248cacaf3fe8a557563ef6c", size = 831901, upload-time = "2025-09-25T21:32:48.83Z" },
    { url = "https://pypi.tuna.tsinghua.edu.cn/packages/8b/cc/dff0684d8dc44da4d22a13f35f073d558c268780ce3c6ba1b87055bb0b87/pyyaml-6.0.3-cp314-cp314t-manylinux2014_s390x.manylinux_2_17_s390x.manylinux_2_28_s390x.whl", hash = "sha256:a80cb027f6b349846a3bf6d73b5e95e782175e52f22108cfa17876aaeff93702", size = 861132, upload-time = "2025-09-25T21:32:50.149Z" },
    { url = "https://pypi.tuna.tsinghua.edu.cn/packages/b1/5e/f77dc6b9036943e285ba76b49e118d9ea929885becb0a29ba8a7c75e29fe/pyyaml-6.0.3-cp314-cp314t-manylinux2014_x86_64.manylinux_2_17_x86_64.manylinux_2_28_x86_64.whl", hash = "sha256:00c4bdeba853cc34e7dd471f16b4114f4162dc03e6b7afcc2128711f0eca823c", size = 839261, upload-time = "2025-09-25T21:32:51.808Z" },
    { url = "https://pypi.tuna.tsinghua.edu.cn/packages/ce/88/a9db1376aa2a228197c58b37302f284b5617f56a5d959fd1763fb1675ce6/pyyaml-6.0.3-cp314-cp314t-musllinux_1_2_aarch64.whl", hash = "sha256:66e1674c3ef6f541c35191caae2d429b967b99e02040f5ba928632d9a7f0f065", size = 805272, upload-time = "2025-09-25T21:32:52.941Z" },
    { url = "https://pypi.tuna.tsinghua.edu.cn/packages/da/92/1446574745d74df0c92e6aa4a7b0b3130706a4142b2d1a5869f2eaa423c6/pyyaml-6.0.3-cp314-cp314t-musllinux_1_2_x86_64.whl", hash = "sha256:16249ee61e95f858e83976573de0f5b2893b3677ba71c9dd36b9cf8be9ac6d65", size = 829923, upload-time = "2025-09-25T21:32:54.537Z" },
    { url = "https://pypi.tuna.tsinghua.edu.cn/packages/f0/7a/1c7270340330e575b92f397352af856a8c06f230aa3e76f86b39d01b416a/pyyaml-6.0.3-cp314-cp314t-win_amd64.whl", hash = "sha256:4ad1906908f2f5ae4e5a8ddfce73c320c2a1429ec52eafd27138b7f1cbe341c9", size = 174062, upload-time = "2025-09-25T21:32:55.767Z" },
    { url = "https://pypi.tuna.tsinghua.edu.cn/packages/f1/12/de94a39c2ef588c7e6455cfbe7343d3b2dc9d6b6b2f40c4c6565744c873d/pyyaml-6.0.3-cp314-cp314t-win_arm64.whl", hash = "sha256:ebc55a14a21cb14062aa4162f906cd962b28e2e9ea38f9b4391244cd8de4ae0b", size = 149341, upload-time = "2025-09-25T21:32:56.828Z" },
]

[[package]]
name = "ruff"
version = "0.15.16"
source = { registry = "https://pypi.tuna.tsinghua.edu.cn/simple" }
sdist = { url = "https://pypi.tuna.tsinghua.edu.cn/packages/a6/bd/5f7ec371001337d8fa61701c186ff8b613ecac1651848c5950f4c4d5f2e9/ruff-0.15.16.tar.gz", hash = "sha256:d05e78d38c78caf020b03789e25106c93017db5a0cb6e2819885018c61343b78", size = 4714267, upload-time = "2026-06-04T16:33:09.974Z" }
wheels = [
    { url = "https://pypi.tuna.tsinghua.edu.cn/packages/0c/42/53ef1c3953f157956db9bf7861e3bc50b9b887ce93300aa48cdba8336fe6/ruff-0.15.16-py3-none-linux_armv6l.whl", hash = "sha256:6ac3c0b3969cc6cf6b158c4e2f8f682acb58e7d700d8a44b65ecdc72d66ab0b2", size = 10709025, upload-time = "2026-06-04T16:32:51.935Z" },
    { url = "https://pypi.tuna.tsinghua.edu.cn/packages/93/9a/a79159346f19134a956607754e57d8d128f7a4c00f4ad2f7514d224c172c/ruff-0.15.16-py3-none-macosx_10_12_x86_64.whl", hash = "sha256:197c207ed75ffba54a0dec23db4aa939a27a3053073e085e0042433cbdc58e4a", size = 11063550, upload-time = "2026-06-04T16:32:42.24Z" },
    { url = "https://pypi.tuna.tsinghua.edu.cn/packages/bc/72/3ce2ac000a5299ec238e01f51397b3b653c93b077d9b1bfe8715bb895f20/ruff-0.15.16-py3-none-macosx_11_0_arm64.whl", hash = "sha256:3a39fec45ab316cc23e7558f23fea4a70403ddb5648ea9a4a3854a16973d0071", size = 10421345, upload-time = "2026-06-04T16:32:37.251Z" },
    { url = "https://pypi.tuna.tsinghua.edu.cn/packages/b0/c2/cc7fad3ec9169373f5b6a18f1917b91080feec40c3f9658334a1d28e2f03/ruff-0.15.16-py3-none-manylinux_2_17_aarch64.manylinux2014_aarch64.whl", hash = "sha256:ba93191d79003116b95128c9d306e045200fdbd0bccb782b110f3cd1d4abc5cf", size = 10757217, upload-time = "2026-06-04T16:32:54.722Z" },
    { url = "https://pypi.tuna.tsinghua.edu.cn/packages/69/d2/3474009eaa0a65b31fa7152a2fad5e2f050c640ceb1e6b02ee6922e94c82/ruff-0.15.16-py3-none-manylinux_2_17_armv7l.manylinux2014_armv7l.whl", hash = "sha256:c6ee4b90520630120ef032aa5cc10db483852dff950e78b1d717e2993a61ac8d", size = 10507035, upload-time = "2026-06-04T16:33:05.343Z" },
    { url = "https://pypi.tuna.tsinghua.edu.cn/packages/ca/81/b7ae6ccbd11f0c8dc3d5d67fc4be9b57ff57ca86ba56152021378e1277f2/ruff-0.15.16-py3-none-manylinux_2_17_i686.manylinux2014_i686.whl", hash = "sha256:4e4215bc938bc3c8215c1472c1aa437e310fee20cd427335fec9d7e609563628", size = 11255291, upload-time = "2026-06-04T16:32:49.49Z" },
    { url = "https://pypi.tuna.tsinghua.edu.cn/packages/d9/e1/46e526f1a7cc90857ce6ddf25fbb77eb6568651ac38d71b033af07076dd5/ruff-0.15.16-py3-none-manylinux_2_17_ppc64le.manylinux2014_ppc64le.whl", hash = "sha256:7c8d26be963b090f10e29abc8b3e74a2a321f6fa34e02424e30b5af89350ecbb", size = 12124922, upload-time = "2026-06-04T16:33:07.821Z" },
    { url = "https://pypi.tuna.tsinghua.edu.cn/packages/1a/da/5c791b088b596b24d0deb967fa28ae02ad751a140c0b9ea81c5ab915d6c0/ruff-0.15.16-py3-none-manylinux_2_17_s390x.manylinux2014_s390x.whl", hash = "sha256:f198cf4123602a2280ed46c307bcbafe41758d6fee5b456b6b6058ca1514b3b4", size = 11332186, upload-time = "2026-06-04T16:33:02.971Z" },
    { url = "https://pypi.tuna.tsinghua.edu.cn/packages/72/11/5da87abe20047c8962361473923ebb2f62b595250126aadfad8c20649c1e/ruff-0.15.16-py3-none-manylinux_2_17_x86_64.manylinux2014_x86_64.whl", hash = "sha256:bb27515fa6240fb586ae82b901a59e67d24acff86f2190b433dc542fe0435aeb", size = 11373541, upload-time = "2026-06-04T16:32:47.007Z" },
    { url = "https://pypi.tuna.tsinghua.edu.cn/packages/fe/2a/8554754c23a854ae3fd6b507e36ad61ddb121e298c6d5d617dec94ed0f14/ruff-0.15.16-py3-none-manylinux_2_31_riscv64.whl", hash = "sha256:a267c46ba1593fc26b8eecbea050b39d40c0b6bb7781ee11c90a02cd10032951", size = 11353014, upload-time = "2026-06-04T16:32:34.795Z" },
    { url = "https://pypi.tuna.tsinghua.edu.cn/packages/62/25/62ea41529ec89f742ea3fed9cb1059c72877ec7cf9b9e99ac9cf3294d1d9/ruff-0.15.16-py3-none-musllinux_1_2_aarch64.whl", hash = "sha256:528c68f39a91498a8d50e91ff5985df3d105782bab49cc378e73ac26bff083e8", size = 10737467, upload-time = "2026-06-04T16:32:26.348Z" },
    { url = "https://pypi.tuna.tsinghua.edu.cn/packages/90/17/334d3ad9de4d40f9dd58fdd09e35ce64553bb501e2f19a839e2fb6be14fc/ruff-0.15.16-py3-none-musllinux_1_2_armv7l.whl", hash = "sha256:7ed55c58950df60589a9a7a5d2f8fa5f54ebd287163be805adfe6ee95a9de123", size = 10521910, upload-time = "2026-06-04T16:32:32.54Z" },
    { url = "https://pypi.tuna.tsinghua.edu.cn/packages/4d/bd/3ac7c6ae77a885c1004b3dda2446ea401768d24f851c14b4ad4b24f6639c/ruff-0.15.16-py3-none-musllinux_1_2_i686.whl", hash = "sha256:d482feaf51512b50f9790ceb417a56a61dd1e9d9bf967662b9ed27c01b34f53a", size = 10979190, upload-time = "2026-06-04T16:32:57.492Z" },
    { url = "https://pypi.tuna.tsinghua.edu.cn/packages/33/d7/609546e6a413c3f216fbf2a50c928f97c80939154f6a0503114094a86191/ruff-0.15.16-py3-none-musllinux_1_2_x86_64.whl", hash = "sha256:1e15bc8c94513dae2a40cc9ef07c94fdd4ecc9e29dabebeebe170f952322c9e3", size = 11477014, upload-time = "2026-06-04T16:32:44.687Z" },
    { url = "https://pypi.tuna.tsinghua.edu.cn/packages/74/0d/f2cd247ad32633a5c36e97141a2c21b11c6279f7957bc2ff360b1e08fddd/ruff-0.15.16-py3-none-win32.whl", hash = "sha256:580378f7bd4aa25f72e74aa54948a9622f142b1e509521dd10902e886681cc1e", size = 10735541, upload-time = "2026-06-04T16:32:30.145Z" },
    { url = "https://pypi.tuna.tsinghua.edu.cn/packages/8b/9e/02e845ef151b1dee585e55c4739f8e1734ae1d9f1221dff65761c162208b/ruff-0.15.16-py3-none-win_amd64.whl", hash = "sha256:408256017284eddf98fff77b29aa4fb30f586042d535b2d9befc6512f400aaec", size = 11843403, upload-time = "2026-06-04T16:32:39.76Z" },
    { url = "https://pypi.tuna.tsinghua.edu.cn/packages/15/19/016553f86f207450aebebc2b2b5088d086b901cc8186c02ac4284db3bd88/ruff-0.15.16-py3-none-win_arm64.whl", hash = "sha256:8cd61783afb39638a7133ef0d2dfb1e91277593962f81b5a8423eb0b888a6121", size = 11134555, upload-time = "2026-06-04T16:33:00.136Z" },
]

[[package]]
name = "tvbox-config"
version = "1.1.0"
source = { editable = "." }
dependencies = [
    { name = "dirtyjson" },
    { name = "httpx" },
    { name = "pyyaml" },
]

[package.dev-dependencies]
dev = [
    { name = "ruff" },
    { name = "ty" },
]

[package.metadata]
requires-dist = [
    { name = "dirtyjson", specifier = ">=1.0.8" },
    { name = "httpx", specifier = ">=0.27.0" },
    { name = "pyyaml", specifier = ">=6.0.3" },
]

[package.metadata.requires-dev]
dev = [
    { name = "ruff", specifier = ">=0.1.0" },
    { name = "ty", specifier = ">=0.0.46" },
]

[[package]]
name = "ty"
version = "0.0.46"
source = { registry = "https://pypi.tuna.tsinghua.edu.cn/simple" }
sdist = { url = "https://pypi.tuna.tsinghua.edu.cn/packages/5a/7d/d95b5a9dea83472006be3ce5e480028c44b34138d84d0172e910f287fb69/ty-0.0.46.tar.gz", hash = "sha256:c6c2d7105b5633b49950b4c3a90d1ed2613eb9d794ad582bbbf6c4ffcb93accf", size = 5832380, upload-time = "2026-06-09T03:28:05.056Z" }
wheels = [
    { url = "https://pypi.tuna.tsinghua.edu.cn/packages/0e/24/f9f7533c391610521f4164e6b8e37ef72d0c1ee8651bc0d9ce9e658b953b/ty-0.0.46-py3-none-linux_armv6l.whl", hash = "sha256:5e716337994699cbc1a1a7b7a3e6622306f2574c710330f9d9691c2c3d8391b0", size = 11756264, upload-time = "2026-06-09T03:28:20.112Z" },
    { url = "https://pypi.tuna.tsinghua.edu.cn/packages/66/49/ff3d13655b9b5cc8176f4c3446bf7ec2df43c8ad9e5272d4adc5d952fa45/ty-0.0.46-py3-none-macosx_10_12_x86_64.whl", hash = "sha256:51d618dec5403635690d0e3e298cd0ad3d84ebc6a576652939ef30ce96fce4b2", size = 11492723, upload-time = "2026-06-09T03:28:13.23Z" },
    { url = "https://pypi.tuna.tsinghua.edu.cn/packages/82/4a/e7e3209e353c5835c7756339bbcdfda10852407b80fbb9ed46c17241873a/ty-0.0.46-py3-none-macosx_11_0_arm64.whl", hash = "sha256:acbafd6a2351b07a6cf4c945b0b1d47f6d2826faac2526a351dfa74d3a3cc664", size = 10892822, upload-time = "2026-06-09T03:27:51.179Z" },
    { url = "https://pypi.tuna.tsinghua.edu.cn/packages/6c/20/4390c90434a9ddefcecb65e8df00e4c2700e9739dc0baf58bed36d25f713/ty-0.0.46-py3-none-manylinux_2_17_aarch64.manylinux2014_aarch64.whl", hash = "sha256:de5df602ffd760612ae36602bbad69b0123ff6cffd92e62aa92b7709317d69e3", size = 11408745, upload-time = "2026-06-09T03:27:58.049Z" },
    { url = "https://pypi.tuna.tsinghua.edu.cn/packages/75/0c/f13a1bf9c6798530c773667095a6cf8f73ec9721db359423e7249bff7fbc/ty-0.0.46-py3-none-manylinux_2_17_armv7l.manylinux2014_armv7l.whl", hash = "sha256:7abf5a10b30d8641faad90f6a19989daec941bb90261159e05cfeb04d2012046", size = 11544432, upload-time = "2026-06-09T03:27:53.519Z" },
    { url = "https://pypi.tuna.tsinghua.edu.cn/packages/56/69/eb3710c13dff846a0362df04fadd8a39b64ccc244c0d02ce5285ede8eae5/ty-0.0.46-py3-none-manylinux_2_17_i686.manylinux2014_i686.whl", hash = "sha256:8770404139c6ccee2ce2fc226478cfa4100915133c876c257e52197b8b92051d", size = 12031228, upload-time = "2026-06-09T03:28:29.816Z" },
    { url = "https://pypi.tuna.tsinghua.edu.cn/packages/e9/68/5f5db9c84c1d44acdc67281089b372d9d818ee68123a60c59c66187095e2/ty-0.0.46-py3-none-manylinux_2_17_ppc64le.manylinux2014_ppc64le.whl", hash = "sha256:f960d5a6e4860076924d2b86891d9872c4a3daa4663fb416e640b22cf3dbf68e", size = 12596073, upload-time = "2026-06-09T03:28:25.204Z" },
    { url = "https://pypi.tuna.tsinghua.edu.cn/packages/14/be/cfd0bb272e6a1491f6de30c60da1f39c2b3c3524ec64a5c92b71365c9185/ty-0.0.46-py3-none-manylinux_2_17_s390x.manylinux2014_s390x.whl", hash = "sha256:1d9000a4a3ed08fc37e8a2ff0b801cde06e1c2af3bc053677744bb5a1b751030", size = 12284885, upload-time = "2026-06-09T03:28:10.58Z" },
    { url = "https://pypi.tuna.tsinghua.edu.cn/packages/a8/3a/2cd541f6320f5d6f70a45725c4e1016efedd5545348bb23b47ffb3e4c724/ty-0.0.46-py3-none-manylinux_2_17_x86_64.manylinux2014_x86_64.whl", hash = "sha256:d1160e6dc86536109ab755f7142f36f4dda5333c8330cf230d61819494d27125", size = 12079480, upload-time = "2026-06-09T03:27:55.847Z" },
    { url = "https://pypi.tuna.tsinghua.edu.cn/packages/de/91/8e0075bc6568fb477e7ef4d805c67fa6902b692cb4419e0bf5ce3c04c5bc/ty-0.0.46-py3-none-manylinux_2_31_riscv64.whl", hash = "sha256:b619c0efe007731f8221fa787701bfa4402da7a83eb26c61ae25e77b6ace6384", size = 12316547, upload-time = "2026-06-09T03:28:08.28Z" },
    { url = "https://pypi.tuna.tsinghua.edu.cn/packages/00/28/b96cbfeda019a4044c6a8cd06ff84d08b631d4ba7d9a1e6dc0311df3563a/ty-0.0.46-py3-none-musllinux_1_2_aarch64.whl", hash = "sha256:ad98fccb6a8a94c4121b993761a0deee602f5826c4162e0a91f4f8118ddadd42", size = 11392846, upload-time = "2026-06-09T03:28:00.418Z" },
    { url = "https://pypi.tuna.tsinghua.edu.cn/packages/3b/d0/4d77f699a95ac7a13b94ca1a58682667cfe974f91557d9e2a9fc0b808a7f/ty-0.0.46-py3-none-musllinux_1_2_armv7l.whl", hash = "sha256:74536b13c3cc3f5944408669c202d4c57c3d19ff154732df8e6145718aef9191", size = 11559017, upload-time = "2026-06-09T03:28:17.619Z" },
    { url = "https://pypi.tuna.tsinghua.edu.cn/packages/88/62/1d6f6b51c2b132da8011c6a41ead0c1fd2a0b17ea72304bcf6ce084d581a/ty-0.0.46-py3-none-musllinux_1_2_i686.whl", hash = "sha256:5e50b1e96ced41b609e24ed27d9e4f508584ed7f4d0bb717ca8c8d75d2fd1b7c", size = 11666509, upload-time = "2026-06-09T03:28:22.454Z" },
    { url = "https://pypi.tuna.tsinghua.edu.cn/packages/fe/9a/6643894bc12cb30c281f4c8bf37f6d30c1fbd9484ef39a12b0ea6dae3c1c/ty-0.0.46-py3-none-musllinux_1_2_x86_64.whl", hash = "sha256:0a7d9f58d26d938e5d2f607481b7a412d8c00d675a1ec72004fa9d6b3b9def99", size = 12180448, upload-time = "2026-06-09T03:28:32.329Z" },
    { url = "https://pypi.tuna.tsinghua.edu.cn/packages/86/68/0f3b7bb03a7da676ef51b1c0af0bde1e500d69d5f0c807ed63b6f30b66dd/ty-0.0.46-py3-none-win32.whl", hash = "sha256:26db0ce89c573e60132d14e9688c9329a1633b1a8c26fe457025c7c406f7d5e6", size = 10960002, upload-time = "2026-06-09T03:28:02.832Z" },
    { url = "https://pypi.tuna.tsinghua.edu.cn/packages/b1/f4/91ff618b2dee39d0633d23e1adac0174aa1de80df17e270acac534034dbc/ty-0.0.46-py3-none-win_amd64.whl", hash = "sha256:90e8e6d446b9cb7cb4bede9fca7b3c99fd1e2355605ecf431c131a51db2a5e93", size = 12097413, upload-time = "2026-06-09T03:28:27.495Z" },
    { url = "https://pypi.tuna.tsinghua.edu.cn/packages/e5/2e/300174fca375a27a7c28dd80e990d857d7b3e3b25980c65063f980aa2f17/ty-0.0.46-py3-none-win_arm64.whl", hash = "sha256:ebd320d82605079b901a095dc4711037a0c488b4ace79a602fef4df0d3f4cf74", size = 11439595, upload-time = "2026-06-09T03:28:15.355Z" },
]

[[package]]
name = "typing-extensions"
version = "4.15.0"
source = { registry = "https://pypi.tuna.tsinghua.edu.cn/simple" }
sdist = { url = "https://pypi.tuna.tsinghua.edu.cn/packages/72/94/1a15dd82efb362ac84269196e94cf00f187f7ed21c242792a923cdb1c61f/typing_extensions-4.15.0.tar.gz", hash = "sha256:0cea48d173cc12fa28ecabc3b837ea3cf6f38c6d1136f85cbaaf598984861466", size = 109391, upload-time = "2025-08-25T13:49:26.313Z" }
wheels = [
    { url = "https://pypi.tuna.tsinghua.edu.cn/packages/18/67/36e9267722cc04a6b9f15c7f3441c2363321a3ea07da7ae0c0707beb2a9c/typing_extensions-4.15.0-py3-none-any.whl", hash = "sha256:f0fa19c6845758ab08074a0cfa8b7aecb71c999ca73d62883bc25cc018c4e548", size = 44614, upload-time = "2025-08-25T13:49:24.86Z" },
]
